
Microsoft Visual Studio Solution File, Format Version 12.00
# Visual Studio Version 17
VisualStudioVersion = 17.9.34728.123
MinimumVisualStudioVersion = 10.0.40219.1
Project("{FAE04EC0-301F-11D3-BF4B-00C04F79EFBC}") = "Jonson", "Jonson\Jonson.csproj", "{298876CD-B5AB-4D58-9A3D-601DEC8C9D65}"
EndProject
Global
	GlobalSection(SolutionConfigurationPlatforms) = preSolution
		Debug|Any CPU = Debug|Any CPU
		Release|Any CPU = Release|Any CPU
	EndGlobalSection
	GlobalSection(ProjectConfigurationPlatforms) = postSolution
		{298876CD-B5AB-4D58-9A3D-601DEC8C9D65}.Debug|Any CPU.ActiveCfg = Debug|Any CPU
		{298876CD-B5AB-4D58-9A3D-601DEC8C9D65}.Debug|Any CPU.Build.0 = Debug|Any CPU
		{298876CD-B5AB-4D58-9A3D-601DEC8C9D65}.Release|Any CPU.ActiveCfg = Release|Any CPU
		{298876CD-B5AB-4D58-9A3D-601DEC8C9D65}.Release|Any CPU.Build.0 = Release|Any CPU
	EndGlobalSection
	GlobalSection(SolutionProperties) = preSolution
		HideSolutionNode = FALSE
	EndGlobalSection
	GlobalSection(ExtensibilityGlobals) = postSolution
		SolutionGuid = {26EF0C4B-0EC0-4562-BE7C-EB2F9FE2A360}
	EndGlobalSection
EndGlobal
